
Microsoft Visual Studio Solution File, Format Version 12.00
# Visual Studio Version 17
VisualStudioVersion = 17.14.36310.24 d17.14
MinimumVisualStudioVersion = 10.0.40219.1
Project("{8BC9CEB8-8B4A-11D0-8D11-00A0C91BC942}") = "Задание 1 String", "Задание 1 String\Задание 1 String.vcxproj", "{8506365E-8F2B-4AA6-8A75-078CBDC42432}"
EndProject
Global
	GlobalSection(SolutionConfigurationPlatforms) = preSolution
		Debug|x64 = Debug|x64
		Debug|x86 = Debug|x86
		Release|x64 = Release|x64
		Release|x86 = Release|x86
	EndGlobalSection
	GlobalSection(ProjectConfigurationPlatforms) = postSolution
		{8506365E-8F2B-4AA6-8A75-078CBDC42432}.Debug|x64.ActiveCfg = Debug|x64
		{8506365E-8F2B-4AA6-8A75-078CBDC42432}.Debug|x64.Build.0 = Debug|x64
		{8506365E-8F2B-4AA6-8A75-078CBDC42432}.Debug|x86.ActiveCfg = Debug|Win32
		{8506365E-8F2B-4AA6-8A75-078CBDC42432}.Debug|x86.Build.0 = Debug|Win32
		{8506365E-8F2B-4AA6-8A75-078CBDC42432}.Release|x64.ActiveCfg = Release|x64
		{8506365E-8F2B-4AA6-8A75-078CBDC42432}.Release|x64.Build.0 = Release|x64
		{8506365E-8F2B-4AA6-8A75-078CBDC42432}.Release|x86.ActiveCfg = Release|Win32
		{8506365E-8F2B-4AA6-8A75-078CBDC42432}.Release|x86.Build.0 = Release|Win32
	EndGlobalSection
	GlobalSection(SolutionProperties) = preSolution
		HideSolutionNode = FALSE
	EndGlobalSection
	GlobalSection(ExtensibilityGlobals) = postSolution
		SolutionGuid = {98160416-A1E9-4B62-893E-48E8E22388DC}
	EndGlobalSection
EndGlobal
